
Microsoft Visual Studio Solution File, Format Version 12.00
# Visual Studio Version 17
VisualStudioVersion = 17.1.32210.238
MinimumVisualStudioVersion = 10.0.40219.1
Project("{FAE04EC0-301F-11D3-BF4B-00C04F79EFBC}") = "BulkyBookWeb", "BulkyBookWeb\BulkyBookWeb.csproj", "{A641D1F5-4CEE-47C9-936D-0F8B18A5971A}"
EndProject
Global
	GlobalSection(SolutionConfigurationPlatforms) = preSolution
		Debug|Any CPU = Debug|Any CPU
		Release|Any CPU = Release|Any CPU
	EndGlobalSection
	GlobalSection(ProjectConfigurationPlatforms) = postSolution
		{A641D1F5-4CEE-47C9-936D-0F8B18A5971A}.Debug|Any CPU.ActiveCfg = Debug|Any CPU
		{A641D1F5-4CEE-47C9-936D-0F8B18A5971A}.Debug|Any CPU.Build.0 = Debug|Any CPU
		{A641D1F5-4CEE-47C9-936D-0F8B18A5971A}.Release|Any CPU.ActiveCfg = Release|Any CPU
		{A641D1F5-4CEE-47C9-936D-0F8B18A5971A}.Release|Any CPU.Build.0 = Release|Any CPU
	EndGlobalSection
	GlobalSection(SolutionProperties) = preSolution
		HideSolutionNode = FALSE
	EndGlobalSection
	GlobalSection(ExtensibilityGlobals) = postSolution
		SolutionGuid = {E02E0B5A-030D-49D4-ABB2-5DC42A6B0D6D}
	EndGlobalSection
EndGlobal
